
Microsoft Visual Studio Solution File, Format Version 12.00
# Visual Studio Version 16
VisualStudioVersion = 16.0.28803.156
MinimumVisualStudioVersion = 10.0.40219.1
Project("{FAE04EC0-301F-11D3-BF4B-00C04F79EFBC}") = "problem3", "problem3\problem3.csproj", "{CDCEFA05-80BE-4054-B2E7-2A8E23168E38}"
EndProject
Global
	GlobalSection(SolutionConfigurationPlatforms) = preSolution
		Debug|Any CPU = Debug|Any CPU
		Release|Any CPU = Release|Any CPU
	EndGlobalSection
	GlobalSection(ProjectConfigurationPlatforms) = postSolution
		{CDCEFA05-80BE-4054-B2E7-2A8E23168E38}.Debug|Any CPU.ActiveCfg = Debug|Any CPU
		{CDCEFA05-80BE-4054-B2E7-2A8E23168E38}.Debug|Any CPU.Build.0 = Debug|Any CPU
		{CDCEFA05-80BE-4054-B2E7-2A8E23168E38}.Release|Any CPU.ActiveCfg = Release|Any CPU
		{CDCEFA05-80BE-4054-B2E7-2A8E23168E38}.Release|Any CPU.Build.0 = Release|Any CPU
	EndGlobalSection
	GlobalSection(SolutionProperties) = preSolution
		HideSolutionNode = FALSE
	EndGlobalSection
	GlobalSection(ExtensibilityGlobals) = postSolution
		SolutionGuid = {A7AB9145-9A0B-4EC4-A6EF-741F58538C64}
	EndGlobalSection
EndGlobal
